// !$*UTF8*$!
{
	archiveVersion = 1;
	classes = {
	};
	objectVersion = 46;
	objects = {

/* Begin PBXAggregateTarget section */
		41817B581CB6995800C55990 /* Libraries */ = {
			isa = PBXAggregateTarget;
			buildConfigurationList = 41817B5B1CB6995900C55990 /* Build configuration list for PBXAggregateTarget "Libraries" */;
			buildPhases = (
			);
			dependencies = (
				41709A9B1CB6BEC4002A1BDA /* PBXTargetDependency */,
				41817B5D1CB6996500C55990 /* PBXTargetDependency */,
			);
			name = Libraries;
			productName = Libraries;
		};
/* End PBXAggregateTarget section */

/* Begin PBXBuildFile section */
		416C57F41BEA5D4A007F4691 /* _mulle_buffer.h in Headers */ = {isa = PBXBuildFile; fileRef = 416C57F21BEA5D4A007F4691 /* _mulle_buffer.h */; settings = {ATTRIBUTES = (Public, ); }; };
		416C57F51BEA5D4A007F4691 /* _mulle_buffer.c in Sources */ = {isa = PBXBuildFile; fileRef = 416C57F31BEA5D4A007F4691 /* _mulle_buffer.c */; };
		416C57F81BEA6B3C007F4691 /* mulle_buffer.c in Sources */ = {isa = PBXBuildFile; fileRef = 416C57F61BEA6B3C007F4691 /* mulle_buffer.c */; };
		416C57F91BEA6B3C007F4691 /* mulle_buffer.h in Headers */ = {isa = PBXBuildFile; fileRef = 416C57F71BEA6B3C007F4691 /* mulle_buffer.h */; settings = {ATTRIBUTES = (Public, ); }; };
		41709A9D1CB6BF02002A1BDA /* mulle_buffer_standalone.c in Sources */ = {isa = PBXBuildFile; fileRef = 41709A9C1CB6BF02002A1BDA /* mulle_buffer_standalone.c */; };
		41817B6A1CB6998E00C55990 /* libmulle_buffer.a in Frameworks */ = {isa = PBXBuildFile; fileRef = 41F14FE61B68F098002189F1 /* libmulle_buffer.a */; };
		41ACD6031DCBBE6000465792 /* libmulle_allocator.a in Frameworks */ = {isa = PBXBuildFile; fileRef = 41ACD6011DCBBE6000465792 /* libmulle_allocator.a */; };
		41ACD6041DCBBE6000465792 /* libmulle_test_allocator.a in Frameworks */ = {isa = PBXBuildFile; fileRef = 41ACD6021DCBBE6000465792 /* libmulle_test_allocator.a */; };
		41ACD6061DCBBF7900465792 /* libmulle_thread.a in Frameworks */ = {isa = PBXBuildFile; fileRef = 41ACD6051DCBBF7900465792 /* libmulle_thread.a */; };
/* End PBXBuildFile section */

/* Begin PBXContainerItemProxy section */
		41709A9A1CB6BEC4002A1BDA /* PBXContainerItemProxy */ = {
			isa = PBXContainerItemProxy;
			containerPortal = 414785241ABAF290002DBAE4 /* Project object */;
			proxyType = 1;
			remoteGlobalIDString = 41817B611CB6997700C55990;
			remoteInfo = mulle_standalone_container;
		};
		41817B5C1CB6996500C55990 /* PBXContainerItemProxy */ = {
			isa = PBXContainerItemProxy;
			containerPortal = 414785241ABAF290002DBAE4 /* Project object */;
			proxyType = 1;
			remoteGlobalIDString = 41F14FE51B68F098002189F1;
			remoteInfo = mulle_container;
		};
		41817B681CB6998900C55990 /* PBXContainerItemProxy */ = {
			isa = PBXContainerItemProxy;
			containerPortal = 414785241ABAF290002DBAE4 /* Project object */;
			proxyType = 1;
			remoteGlobalIDString = 41F14FE51B68F098002189F1;
			remoteInfo = mulle_container;
		};
/* End PBXContainerItemProxy section */

/* Begin PBXFileReference section */
		411A28C11BCD446E00D39FF7 /* CMakeLists.txt */ = {isa = PBXFileReference; fileEncoding = 4; lastKnownFileType = text; path = CMakeLists.txt; sourceTree = "<group>"; };
		416C57F21BEA5D4A007F4691 /* _mulle_buffer.h */ = {isa = PBXFileReference; fileEncoding = 4; lastKnownFileType = sourcecode.c.h; path = _mulle_buffer.h; sourceTree = "<group>"; };
		416C57F31BEA5D4A007F4691 /* _mulle_buffer.c */ = {isa = PBXFileReference; fileEncoding = 4; lastKnownFileType = sourcecode.c.c; path = _mulle_buffer.c; sourceTree = "<group>"; };
		416C57F61BEA6B3C007F4691 /* mulle_buffer.c */ = {isa = PBXFileReference; fileEncoding = 4; lastKnownFileType = sourcecode.c.c; path = mulle_buffer.c; sourceTree = "<group>"; };
		416C57F71BEA6B3C007F4691 /* mulle_buffer.h */ = {isa = PBXFileReference; fileEncoding = 4; lastKnownFileType = sourcecode.c.h; path = mulle_buffer.h; sourceTree = "<group>"; };
		41709A9C1CB6BF02002A1BDA /* mulle_buffer_standalone.c */ = {isa = PBXFileReference; fileEncoding = 4; lastKnownFileType = sourcecode.c.c; path = mulle_buffer_standalone.c; sourceTree = "<group>"; };
		41709A9E1CB6BF62002A1BDA /* DynamicLibraryOSX.xcconfig */ = {isa = PBXFileReference; lastKnownFileType = text.xcconfig; path = DynamicLibraryOSX.xcconfig; sourceTree = "<group>"; };
		417C02651BD8404E005A3751 /* Debug.xcconfig */ = {isa = PBXFileReference; fileEncoding = 4; lastKnownFileType = text.xcconfig; path = Debug.xcconfig; sourceTree = "<group>"; };
		417C02681BD8404E005A3751 /* Release.xcconfig */ = {isa = PBXFileReference; fileEncoding = 4; lastKnownFileType = text.xcconfig; path = Release.xcconfig; sourceTree = "<group>"; };
		417C026A1BD8404E005A3751 /* StaticLibraryIOS.xcconfig */ = {isa = PBXFileReference; fileEncoding = 4; lastKnownFileType = text.xcconfig; path = StaticLibraryIOS.xcconfig; sourceTree = "<group>"; };
		417C026B1BD8404E005A3751 /* StaticLibraryOSX.xcconfig */ = {isa = PBXFileReference; fileEncoding = 4; lastKnownFileType = text.xcconfig; path = StaticLibraryOSX.xcconfig; sourceTree = "<group>"; };
		417C026C1BD8404E005A3751 /* ToolOSX.xcconfig */ = {isa = PBXFileReference; fileEncoding = 4; lastKnownFileType = text.xcconfig; path = ToolOSX.xcconfig; sourceTree = "<group>"; };
		41817B621CB6997700C55990 /* libmulle_standalone_buffer.dylib */ = {isa = PBXFileReference; explicitFileType = "compiled.mach-o.dylib"; includeInIndex = 0; path = libmulle_standalone_buffer.dylib; sourceTree = BUILT_PRODUCTS_DIR; };
		41ACD6011DCBBE6000465792 /* libmulle_allocator.a */ = {isa = PBXFileReference; lastKnownFileType = archive.ar; name = libmulle_allocator.a; path = dependencies/lib/libmulle_allocator.a; sourceTree = "<group>"; };
		41ACD6021DCBBE6000465792 /* libmulle_test_allocator.a */ = {isa = PBXFileReference; lastKnownFileType = archive.ar; name = libmulle_test_allocator.a; path = dependencies/lib/libmulle_test_allocator.a; sourceTree = "<group>"; };
		41ACD6051DCBBF7900465792 /* libmulle_thread.a */ = {isa = PBXFileReference; lastKnownFileType = archive.ar; name = libmulle_thread.a; path = dependencies/lib/libmulle_thread.a; sourceTree = "<group>"; };
		41D04AB81C8DDCF500CC8F11 /* README.md */ = {isa = PBXFileReference; lastKnownFileType = net.daringfireball.markdown; path = README.md; sourceTree = "<group>"; };
		41D04AB91C8DDD1800CC8F11 /* RELEASENOTES.md */ = {isa = PBXFileReference; lastKnownFileType = net.daringfireball.markdown; path = RELEASENOTES.md; sourceTree = "<group>"; };
		41F14FE61B68F098002189F1 /* libmulle_buffer.a */ = {isa = PBXFileReference; explicitFileType = archive.ar; includeInIndex = 0; path = libmulle_buffer.a; sourceTree = BUILT_PRODUCTS_DIR; };
/* End PBXFileReference section */

/* Begin PBXFrameworksBuildPhase section */
		41817B5F1CB6997700C55990 /* Frameworks */ = {
			isa = PBXFrameworksBuildPhase;
			buildActionMask = 2147483647;
			files = (
				41ACD6061DCBBF7900465792 /* libmulle_thread.a in Frameworks */,
				41ACD6031DCBBE6000465792 /* libmulle_allocator.a in Frameworks */,
				41ACD6041DCBBE6000465792 /* libmulle_test_allocator.a in Frameworks */,
				41817B6A1CB6998E00C55990 /* libmulle_buffer.a in Frameworks */,
			);
			runOnlyForDeploymentPostprocessing = 0;
		};
		41F14FE31B68F098002189F1 /* Frameworks */ = {
			isa = PBXFrameworksBuildPhase;
			buildActionMask = 2147483647;
			files = (
			);
			runOnlyForDeploymentPostprocessing = 0;
		};
/* End PBXFrameworksBuildPhase section */

/* Begin PBXGroup section */
		414785231ABAF290002DBAE4 = {
			isa = PBXGroup;
			children = (
				411A28C11BCD446E00D39FF7 /* CMakeLists.txt */,
				41D04AB81C8DDCF500CC8F11 /* README.md */,
				41D04AB91C8DDD1800CC8F11 /* RELEASENOTES.md */,
				417C02631BD8404E005A3751 /* mulle-configuration */,
				4147852E1ABAF290002DBAE4 /* src */,
				41709A991CB6BEB7002A1BDA /* Libraries */,
				4147852D1ABAF290002DBAE4 /* Products */,
			);
			sourceTree = "<group>";
		};
		4147852D1ABAF290002DBAE4 /* Products */ = {
			isa = PBXGroup;
			children = (
				41F14FE61B68F098002189F1 /* libmulle_buffer.a */,
				41817B621CB6997700C55990 /* libmulle_standalone_buffer.dylib */,
			);
			name = Products;
			sourceTree = "<group>";
		};
		4147852E1ABAF290002DBAE4 /* src */ = {
			isa = PBXGroup;
			children = (
				41709A9C1CB6BF02002A1BDA /* mulle_buffer_standalone.c */,
				416C57F71BEA6B3C007F4691 /* mulle_buffer.h */,
				416C57F61BEA6B3C007F4691 /* mulle_buffer.c */,
				416C57F21BEA5D4A007F4691 /* _mulle_buffer.h */,
				416C57F31BEA5D4A007F4691 /* _mulle_buffer.c */,
			);
			path = src;
			sourceTree = "<group>";
		};
		41709A991CB6BEB7002A1BDA /* Libraries */ = {
			isa = PBXGroup;
			children = (
				41ACD6011DCBBE6000465792 /* libmulle_allocator.a */,
				41ACD6021DCBBE6000465792 /* libmulle_test_allocator.a */,
				41ACD6051DCBBF7900465792 /* libmulle_thread.a */,
			);
			name = Libraries;
			sourceTree = "<group>";
		};
		417C02631BD8404E005A3751 /* mulle-configuration */ = {
			isa = PBXGroup;
			children = (
				41709A9E1CB6BF62002A1BDA /* DynamicLibraryOSX.xcconfig */,
				417C02651BD8404E005A3751 /* Debug.xcconfig */,
				417C02681BD8404E005A3751 /* Release.xcconfig */,
				417C026A1BD8404E005A3751 /* StaticLibraryIOS.xcconfig */,
				417C026B1BD8404E005A3751 /* StaticLibraryOSX.xcconfig */,
				417C026C1BD8404E005A3751 /* ToolOSX.xcconfig */,
			);
			path = "mulle-configuration/xcode";
			sourceTree = "<group>";
		};
/* End PBXGroup section */

/* Begin PBXHeadersBuildPhase section */
		4105ABF01BCB088A00D45AA8 /* Headers */ = {
			isa = PBXHeadersBuildPhase;
			buildActionMask = 2147483647;
			files = (
				416C57F91BEA6B3C007F4691 /* mulle_buffer.h in Headers */,
				416C57F41BEA5D4A007F4691 /* _mulle_buffer.h in Headers */,
			);
			runOnlyForDeploymentPostprocessing = 0;
		};
		41817B601CB6997700C55990 /* Headers */ = {
			isa = PBXHeadersBuildPhase;
			buildActionMask = 2147483647;
			files = (
			);
			runOnlyForDeploymentPostprocessing = 0;
		};
/* End PBXHeadersBuildPhase section */

/* Begin PBXNativeTarget section */
		41817B611CB6997700C55990 /* mulle_standalone_buffer */ = {
			isa = PBXNativeTarget;
			buildConfigurationList = 41817B631CB6997700C55990 /* Build configuration list for PBXNativeTarget "mulle_standalone_buffer" */;
			buildPhases = (
				41817B5E1CB6997700C55990 /* Sources */,
				41817B5F1CB6997700C55990 /* Frameworks */,
				41817B601CB6997700C55990 /* Headers */,
			);
			buildRules = (
			);
			dependencies = (
				41817B691CB6998900C55990 /* PBXTargetDependency */,
			);
			name = mulle_standalone_buffer;
			productName = mulle_standalone_container;
			productReference = 41817B621CB6997700C55990 /* libmulle_standalone_buffer.dylib */;
			productType = "com.apple.product-type.library.dynamic";
		};
		41F14FE51B68F098002189F1 /* mulle_buffer */ = {
			isa = PBXNativeTarget;
			buildConfigurationList = 41F14FE71B68F098002189F1 /* Build configuration list for PBXNativeTarget "mulle_buffer" */;
			buildPhases = (
				41F14FE21B68F098002189F1 /* Sources */,
				4105ABF01BCB088A00D45AA8 /* Headers */,
				41F14FE31B68F098002189F1 /* Frameworks */,
			);
			buildRules = (
			);
			dependencies = (
			);
			name = mulle_buffer;
			productName = mulle_aba;
			productReference = 41F14FE61B68F098002189F1 /* libmulle_buffer.a */;
			productType = "com.apple.product-type.library.static";
		};
/* End PBXNativeTarget section */

/* Begin PBXProject section */
		414785241ABAF290002DBAE4 /* Project object */ = {
			isa = PBXProject;
			attributes = {
				LastUpgradeCheck = 0640;
				ORGANIZATIONNAME = "Mulle kybernetiK";
				TargetAttributes = {
					41817B581CB6995800C55990 = {
						CreatedOnToolsVersion = 7.2.1;
					};
					41817B611CB6997700C55990 = {
						CreatedOnToolsVersion = 7.2.1;
					};
					41F14FE51B68F098002189F1 = {
						CreatedOnToolsVersion = 6.2;
					};
				};
			};
			buildConfigurationList = 414785271ABAF290002DBAE4 /* Build configuration list for PBXProject "mulle-buffer" */;
			compatibilityVersion = "Xcode 3.2";
			developmentRegion = English;
			hasScannedForEncodings = 0;
			knownRegions = (
				en,
				Base,
			);
			mainGroup = 414785231ABAF290002DBAE4;
			productRefGroup = 4147852D1ABAF290002DBAE4 /* Products */;
			projectDirPath = "";
			projectRoot = "";
			targets = (
				41817B581CB6995800C55990 /* Libraries */,
				41817B611CB6997700C55990 /* mulle_standalone_buffer */,
				41F14FE51B68F098002189F1 /* mulle_buffer */,
			);
		};
/* End PBXProject section */

/* Begin PBXSourcesBuildPhase section */
		41817B5E1CB6997700C55990 /* Sources */ = {
			isa = PBXSourcesBuildPhase;
			buildActionMask = 2147483647;
			files = (
				41709A9D1CB6BF02002A1BDA /* mulle_buffer_standalone.c in Sources */,
			);
			runOnlyForDeploymentPostprocessing = 0;
		};
		41F14FE21B68F098002189F1 /* Sources */ = {
			isa = PBXSourcesBuildPhase;
			buildActionMask = 2147483647;
			files = (
				416C57F51BEA5D4A007F4691 /* _mulle_buffer.c in Sources */,
				416C57F81BEA6B3C007F4691 /* mulle_buffer.c in Sources */,
			);
			runOnlyForDeploymentPostprocessing = 0;
		};
/* End PBXSourcesBuildPhase section */

/* Begin PBXTargetDependency section */
		41709A9B1CB6BEC4002A1BDA /* PBXTargetDependency */ = {
			isa = PBXTargetDependency;
			target = 41817B611CB6997700C55990 /* mulle_standalone_buffer */;
			targetProxy = 41709A9A1CB6BEC4002A1BDA /* PBXContainerItemProxy */;
		};
		41817B5D1CB6996500C55990 /* PBXTargetDependency */ = {
			isa = PBXTargetDependency;
			target = 41F14FE51B68F098002189F1 /* mulle_buffer */;
			targetProxy = 41817B5C1CB6996500C55990 /* PBXContainerItemProxy */;
		};
		41817B691CB6998900C55990 /* PBXTargetDependency */ = {
			isa = PBXTargetDependency;
			target = 41F14FE51B68F098002189F1 /* mulle_buffer */;
			targetProxy = 41817B681CB6998900C55990 /* PBXContainerItemProxy */;
		};
/* End PBXTargetDependency section */

/* Begin XCBuildConfiguration section */
		414785311ABAF290002DBAE4 /* Debug */ = {
			isa = XCBuildConfiguration;
			baseConfigurationReference = 417C02651BD8404E005A3751 /* Debug.xcconfig */;
			buildSettings = {
				CURRENT_PROJECT_VERSION = 0.4.9;
				GCC_C_LANGUAGE_STANDARD = c99;
			};
			name = Debug;
		};
		414785321ABAF290002DBAE4 /* Release */ = {
			isa = XCBuildConfiguration;
			baseConfigurationReference = 417C02681BD8404E005A3751 /* Release.xcconfig */;
			buildSettings = {
				CURRENT_PROJECT_VERSION = 0.4.9;
				GCC_C_LANGUAGE_STANDARD = c99;
			};
			name = Release;
		};
		41817B591CB6995900C55990 /* Debug */ = {
			isa = XCBuildConfiguration;
			buildSettings = {
				PRODUCT_NAME = "$(TARGET_NAME)";
			};
			name = Debug;
		};
		41817B5A1CB6995900C55990 /* Release */ = {
			isa = XCBuildConfiguration;
			buildSettings = {
				PRODUCT_NAME = "$(TARGET_NAME)";
			};
			name = Release;
		};
		41817B641CB6997700C55990 /* Debug */ = {
			isa = XCBuildConfiguration;
			baseConfigurationReference = 41709A9E1CB6BF62002A1BDA /* DynamicLibraryOSX.xcconfig */;
			buildSettings = {
				LIBRARY_SEARCH_PATHS = (
					"$(inherited)",
					"$(PROJECT_DIR)/dependencies/lib",
				);
			};
			name = Debug;
		};
		41817B651CB6997700C55990 /* Release */ = {
			isa = XCBuildConfiguration;
			baseConfigurationReference = 41709A9E1CB6BF62002A1BDA /* DynamicLibraryOSX.xcconfig */;
			buildSettings = {
				LIBRARY_SEARCH_PATHS = (
					"$(inherited)",
					"$(PROJECT_DIR)/dependencies/lib",
				);
			};
			name = Release;
		};
		41F14FE81B68F098002189F1 /* Debug */ = {
			isa = XCBuildConfiguration;
			baseConfigurationReference = 417C026B1BD8404E005A3751 /* StaticLibraryOSX.xcconfig */;
			buildSettings = {
			};
			name = Debug;
		};
		41F14FE91B68F098002189F1 /* Release */ = {
			isa = XCBuildConfiguration;
			baseConfigurationReference = 417C026B1BD8404E005A3751 /* StaticLibraryOSX.xcconfig */;
			buildSettings = {
			};
			name = Release;
		};
/* End XCBuildConfiguration section */

/* Begin XCConfigurationList section */
		414785271ABAF290002DBAE4 /* Build configuration list for PBXProject "mulle-buffer" */ = {
			isa = XCConfigurationList;
			buildConfigurations = (
				414785311ABAF290002DBAE4 /* Debug */,
				414785321ABAF290002DBAE4 /* Release */,
			);
			defaultConfigurationIsVisible = 0;
			defaultConfigurationName = Release;
		};
		41817B5B1CB6995900C55990 /* Build configuration list for PBXAggregateTarget "Libraries" */ = {
			isa = XCConfigurationList;
			buildConfigurations = (
				41817B591CB6995900C55990 /* Debug */,
				41817B5A1CB6995900C55990 /* Release */,
			);
			defaultConfigurationIsVisible = 0;
			defaultConfigurationName = Release;
		};
		41817B631CB6997700C55990 /* Build configuration list for PBXNativeTarget "mulle_standalone_buffer" */ = {
			isa = XCConfigurationList;
			buildConfigurations = (
				41817B641CB6997700C55990 /* Debug */,
				41817B651CB6997700C55990 /* Release */,
			);
			defaultConfigurationIsVisible = 0;
			defaultConfigurationName = Release;
		};
		41F14FE71B68F098002189F1 /* Build configuration list for PBXNativeTarget "mulle_buffer" */ = {
			isa = XCConfigurationList;
			buildConfigurations = (
				41F14FE81B68F098002189F1 /* Debug */,
				41F14FE91B68F098002189F1 /* Release */,
			);
			defaultConfigurationIsVisible = 0;
			defaultConfigurationName = Release;
		};
/* End XCConfigurationList section */
	};
	rootObject = 414785241ABAF290002DBAE4 /* Project object */;
}
